# This file is automatically @generated by Cargo.
# It is not intended for manual editing.
version = 4

[[package]]
name = "brynja-crypto-cpu"
version = "0.1.1"

[[package]]
name = "brynja-hash-core"
version = "0.1.0"

[[package]]
name = "brynja-hash-sha3"
version = "0.1.0"
dependencies = [
 "brynja-hash-core",
]

[[package]]
name = "brynja-sha3-cpu-candidate-fixture"
version = "0.0.0"
dependencies = [
 "brynja-crypto-cpu",
 "brynja-hash-sha3",
]
