# This file is automatically @generated by Cargo.
# It is not intended for manual editing.
version = 4

[[package]]
name = "brynja"
version = "0.2.0"
dependencies = [
 "brynja-core",
 "brynja-crypto",
 "brynja-dtls",
 "brynja-pki",
 "brynja-platform",
 "brynja-quic-tls",
 "brynja-tls",
]

[[package]]
name = "brynja-core"
version = "0.1.0"

[[package]]
name = "brynja-crypto"
version = "0.1.0"

[[package]]
name = "brynja-dtls"
version = "0.1.0"
dependencies = [
 "brynja-core",
 "brynja-crypto",
 "brynja-pki",
]

[[package]]
name = "brynja-interop"
version = "0.1.0"

[[package]]
name = "brynja-legacy"
version = "0.1.0"
dependencies = [
 "brynja-legacy-pct",
 "brynja-legacy-snp",
 "brynja-legacy-ssl2",
 "brynja-legacy-ssl3",
 "brynja-legacy-tls10",
 "brynja-legacy-tls11",
 "brynja-legacy-wtls",
]

[[package]]
name = "brynja-legacy-pct"
version = "0.1.0"

[[package]]
name = "brynja-legacy-snp"
version = "0.1.0"

[[package]]
name = "brynja-legacy-ssl2"
version = "0.1.0"

[[package]]
name = "brynja-legacy-ssl3"
version = "0.1.0"

[[package]]
name = "brynja-legacy-tls10"
version = "0.1.0"

[[package]]
name = "brynja-legacy-tls11"
version = "0.1.0"

[[package]]
name = "brynja-legacy-wtls"
version = "0.1.0"

[[package]]
name = "brynja-pki"
version = "0.1.0"
dependencies = [
 "brynja-core",
]

[[package]]
name = "brynja-platform"
version = "0.1.0"
dependencies = [
 "brynja-core",
]

[[package]]
name = "brynja-proofs"
version = "0.1.0"

[[package]]
name = "brynja-quic-tls"
version = "0.1.0"
dependencies = [
 "brynja-core",
 "brynja-tls13-handshake",
]

[[package]]
name = "brynja-research-ssl1"
version = "0.1.0"

[[package]]
name = "brynja-test-support"
version = "0.1.0"

[[package]]
name = "brynja-tls"
version = "0.1.0"
dependencies = [
 "brynja-core",
 "brynja-tls12",
 "brynja-tls13",
]

[[package]]
name = "brynja-tls12"
version = "0.1.0"
dependencies = [
 "brynja-core",
 "brynja-crypto",
 "brynja-pki",
]

[[package]]
name = "brynja-tls13"
version = "0.1.0"
dependencies = [
 "brynja-core",
 "brynja-crypto",
 "brynja-tls13-handshake",
]

[[package]]
name = "brynja-tls13-handshake"
version = "0.1.0"
dependencies = [
 "brynja-core",
 "brynja-crypto",
 "brynja-pki",
]

[[package]]
name = "brynja-xtask"
version = "0.1.0"
