# This file is automatically @generated by Cargo.
# It is not intended for manual editing.
version = 4

[[package]]
name = "brynja-sanitization-admission-fixture"
version = "0.0.0"
dependencies = [
 "sanitization",
]

[[package]]
name = "sanitization"
version = "2.0.4"
source = "registry+https://github.com/rust-lang/crates.io-index"
checksum = "f6c00771cb2e89cc08c486588aa5b462190634313f8885fbdc375de33ee84612"
