# This file is automatically @generated by Cargo.
# It is not intended for manual editing.
version = 4

[[package]]
name = "brynja-sanitization-admission-fixture"
version = "0.0.0"
dependencies = [
 "sanitization",
]

[[package]]
name = "sanitization"
version = "2.1.0"
source = "registry+https://github.com/rust-lang/crates.io-index"
checksum = "0c395c5164295d69016c014a3c2dd69d28a84b7e89ba971c1e81b17acc41e411"
