# This file is automatically @generated by Cargo.
# It is not intended for manual editing.
version = 4

[[package]]
name = "brynja-core"
version = "0.9.0"

[[package]]
name = "brynja-crypto-cpu"
version = "0.1.1"

[[package]]
name = "brynja-general-sha512-t-consumer"
version = "0.0.0"
dependencies = [
 "brynja-hash-sha2",
]

[[package]]
name = "brynja-general-sha512-t-cpu-fixture"
version = "0.0.0"
dependencies = [
 "brynja-crypto-cpu",
 "brynja-general-sha512-t-consumer",
 "brynja-hash-sha2",
]

[[package]]
name = "brynja-hash-core"
version = "0.1.0"

[[package]]
name = "brynja-hash-sha2"
version = "0.1.0"
dependencies = [
 "brynja-core",
 "brynja-crypto-cpu",
 "brynja-hash-core",
]
