# This file is automatically @generated by Cargo.
# It is not intended for manual editing.
version = 4

[[package]]
name = "brynja"
version = "0.24.11"
dependencies = [
 "brynja-core",
 "brynja-crypto",
 "brynja-pki",
 "brynja-protocol",
 "brynja-tls",
]

[[package]]
name = "brynja-core"
version = "0.9.0"

[[package]]
name = "brynja-crypto"
version = "0.1.2"
dependencies = [
 "brynja-hash-sha2",
 "brynja-hash-sha3",
]

[[package]]
name = "brynja-crypto-cpu"
version = "0.1.1"

[[package]]
name = "brynja-hash-core"
version = "0.1.0"

[[package]]
name = "brynja-hash-final-acceptance-fixture"
version = "0.0.0"
dependencies = [
 "brynja-crypto-cpu",
 "brynja-hash-sha2",
 "brynja-hash-sha3",
 "brynja-sha2-public-api-fixture",
 "brynja-sha3-hardened-api-fixture",
 "brynja-sha3-public-api-fixture",
]

[[package]]
name = "brynja-hash-sha2"
version = "0.1.0"
dependencies = [
 "brynja-core",
 "brynja-crypto-cpu",
 "brynja-hash-core",
]

[[package]]
name = "brynja-hash-sha3"
version = "0.1.0"
dependencies = [
 "brynja-core",
 "brynja-hash-core",
]

[[package]]
name = "brynja-pki"
version = "0.2.0"
dependencies = [
 "brynja-core",
]

[[package]]
name = "brynja-protocol"
version = "0.1.0"
dependencies = [
 "brynja-core",
]

[[package]]
name = "brynja-sha2-public-api-fixture"
version = "0.0.0"
dependencies = [
 "brynja",
 "brynja-hash-sha2",
]

[[package]]
name = "brynja-sha3-hardened-api-fixture"
version = "0.0.0"
dependencies = [
 "brynja-hash-sha3",
]

[[package]]
name = "brynja-sha3-public-api-fixture"
version = "0.0.0"
dependencies = [
 "brynja",
 "brynja-hash-sha3",
]

[[package]]
name = "brynja-tls"
version = "0.1.8"
dependencies = [
 "brynja-core",
 "brynja-tls12",
 "brynja-tls13",
]

[[package]]
name = "brynja-tls12"
version = "0.1.8"
dependencies = [
 "brynja-core",
 "brynja-crypto",
 "brynja-pki",
 "brynja-protocol",
]

[[package]]
name = "brynja-tls13"
version = "0.1.8"
dependencies = [
 "brynja-core",
 "brynja-crypto",
 "brynja-protocol",
 "brynja-tls13-handshake",
]

[[package]]
name = "brynja-tls13-handshake"
version = "0.1.8"
dependencies = [
 "brynja-core",
 "brynja-crypto",
 "brynja-pki",
]
