# This file is automatically @generated by Cargo.
# It is not intended for manual editing.
version = 4

[[package]]
name = "brynja-core"
version = "0.9.0"

[[package]]
name = "brynja-hash-core"
version = "0.1.0"

[[package]]
name = "brynja-legacy-hash-public-api-fixture"
version = "0.0.0"
dependencies = [
 "brynja-legacy-md5",
 "brynja-legacy-sha1",
]

[[package]]
name = "brynja-legacy-md5"
version = "0.1.0"
dependencies = [
 "brynja-core",
 "brynja-hash-core",
]

[[package]]
name = "brynja-legacy-sha1"
version = "0.1.0"
dependencies = [
 "brynja-core",
 "brynja-hash-core",
]
